
Microsoft Visual Studio Solution File, Format Version 12.00
# Visual Studio Version 17
VisualStudioVersion = 17.0.32112.339
MinimumVisualStudioVersion = 10.0.40219.1
Project("{9A19103F-16F7-4668-BE54-9A1E7A4F7556}") = "01. Basic Stack Operations", "01. Basic Stack Operations\01. Basic Stack Operations.csproj", "{05E92D28-AFF8-4495-B013-77577F25A9AD}"
EndProject
Project("{FAE04EC0-301F-11D3-BF4B-00C04F79EFBC}") = "02. Basic Queue Operations", "02. Basic Queue Operations\02. Basic Queue Operations.csproj", "{680CDD53-4CEF-44EE-B2AC-2240F14BE8B8}"
EndProject
Project("{FAE04EC0-301F-11D3-BF4B-00C04F79EFBC}") = "03. Maximum and Minimum Element", "03. Maximum and Minimum Element\03. Maximum and Minimum Element.csproj", "{1D9EDB89-CB25-4763-BCC5-5E8E696D8560}"
EndProject
Global
	GlobalSection(SolutionConfigurationPlatforms) = preSolution
		Debug|Any CPU = Debug|Any CPU
		Release|Any CPU = Release|Any CPU
	EndGlobalSection
	GlobalSection(ProjectConfigurationPlatforms) = postSolution
		{05E92D28-AFF8-4495-B013-77577F25A9AD}.Debug|Any CPU.ActiveCfg = Debug|Any CPU
		{05E92D28-AFF8-4495-B013-77577F25A9AD}.Debug|Any CPU.Build.0 = Debug|Any CPU
		{05E92D28-AFF8-4495-B013-77577F25A9AD}.Release|Any CPU.ActiveCfg = Release|Any CPU
		{05E92D28-AFF8-4495-B013-77577F25A9AD}.Release|Any CPU.Build.0 = Release|Any CPU
		{680CDD53-4CEF-44EE-B2AC-2240F14BE8B8}.Debug|Any CPU.ActiveCfg = Debug|Any CPU
		{680CDD53-4CEF-44EE-B2AC-2240F14BE8B8}.Debug|Any CPU.Build.0 = Debug|Any CPU
		{680CDD53-4CEF-44EE-B2AC-2240F14BE8B8}.Release|Any CPU.ActiveCfg = Release|Any CPU
		{680CDD53-4CEF-44EE-B2AC-2240F14BE8B8}.Release|Any CPU.Build.0 = Release|Any CPU
		{1D9EDB89-CB25-4763-BCC5-5E8E696D8560}.Debug|Any CPU.ActiveCfg = Debug|Any CPU
		{1D9EDB89-CB25-4763-BCC5-5E8E696D8560}.Debug|Any CPU.Build.0 = Debug|Any CPU
		{1D9EDB89-CB25-4763-BCC5-5E8E696D8560}.Release|Any CPU.ActiveCfg = Release|Any CPU
		{1D9EDB89-CB25-4763-BCC5-5E8E696D8560}.Release|Any CPU.Build.0 = Release|Any CPU
	EndGlobalSection
	GlobalSection(SolutionProperties) = preSolution
		HideSolutionNode = FALSE
	EndGlobalSection
	GlobalSection(ExtensibilityGlobals) = postSolution
		SolutionGuid = {9EAEA6A1-9D2E-4049-873E-4BB1A3863B48}
	EndGlobalSection
EndGlobal
